
Microsoft Visual Studio Solution File, Format Version 12.00
# Visual Studio Version 16
VisualStudioVersion = 16.0.32802.440
MinimumVisualStudioVersion = 10.0.40219.1
Project("{8BC9CEB8-8B4A-11D0-8D11-00A0C91BC942}") = "pair_programing", "pair_programing.vcxproj", "{E4A3360D-E2BB-4F95-A209-B27C25647B95}"
EndProject
Global
	GlobalSection(SolutionConfigurationPlatforms) = preSolution
		Debug|x64 = Debug|x64
		Debug|x86 = Debug|x86
		Release|x64 = Release|x64
		Release|x86 = Release|x86
	EndGlobalSection
	GlobalSection(ProjectConfigurationPlatforms) = postSolution
		{E4A3360D-E2BB-4F95-A209-B27C25647B95}.Debug|x64.ActiveCfg = Debug|x64
		{E4A3360D-E2BB-4F95-A209-B27C25647B95}.Debug|x64.Build.0 = Debug|x64
		{E4A3360D-E2BB-4F95-A209-B27C25647B95}.Debug|x86.ActiveCfg = Debug|Win32
		{E4A3360D-E2BB-4F95-A209-B27C25647B95}.Debug|x86.Build.0 = Debug|Win32
		{E4A3360D-E2BB-4F95-A209-B27C25647B95}.Release|x64.ActiveCfg = Release|x64
		{E4A3360D-E2BB-4F95-A209-B27C25647B95}.Release|x64.Build.0 = Release|x64
		{E4A3360D-E2BB-4F95-A209-B27C25647B95}.Release|x86.ActiveCfg = Release|Win32
		{E4A3360D-E2BB-4F95-A209-B27C25647B95}.Release|x86.Build.0 = Release|Win32
	EndGlobalSection
	GlobalSection(SolutionProperties) = preSolution
		HideSolutionNode = FALSE
	EndGlobalSection
	GlobalSection(ExtensibilityGlobals) = postSolution
		SolutionGuid = {1271E486-7EF4-4660-8DAB-A9569CB10386}
	EndGlobalSection
EndGlobal
